
Microsoft Visual Studio Solution File, Format Version 12.00
Project("{FAE04EC0-301F-11D3-BF4B-00C04F79EFBC}") = "Dapper.ColumnMapper", "Dapper.ColumnMapper\Dapper.ColumnMapper.csproj", "{6F6BB6BC-CE05-44CF-902C-EC5A89DE9810}"
EndProject
Project("{FAE04EC0-301F-11D3-BF4B-00C04F79EFBC}") = "Dapper.ColumnMapper.Tests", "Dapper.ColumnMapper.Tests\Dapper.ColumnMapper.Tests.csproj", "{16EE599A-67F3-4655-8B3D-2867B157B77C}"
EndProject
Global
	GlobalSection(SolutionConfigurationPlatforms) = preSolution
		Debug|Any CPU = Debug|Any CPU
		Release|Any CPU = Release|Any CPU
	EndGlobalSection
	GlobalSection(ProjectConfigurationPlatforms) = postSolution
		{6F6BB6BC-CE05-44CF-902C-EC5A89DE9810}.Debug|Any CPU.ActiveCfg = Debug|Any CPU
		{6F6BB6BC-CE05-44CF-902C-EC5A89DE9810}.Debug|Any CPU.Build.0 = Debug|Any CPU
		{6F6BB6BC-CE05-44CF-902C-EC5A89DE9810}.Release|Any CPU.ActiveCfg = Release|Any CPU
		{6F6BB6BC-CE05-44CF-902C-EC5A89DE9810}.Release|Any CPU.Build.0 = Release|Any CPU
		{16EE599A-67F3-4655-8B3D-2867B157B77C}.Debug|Any CPU.ActiveCfg = Debug|Any CPU
		{16EE599A-67F3-4655-8B3D-2867B157B77C}.Debug|Any CPU.Build.0 = Debug|Any CPU
		{16EE599A-67F3-4655-8B3D-2867B157B77C}.Release|Any CPU.ActiveCfg = Release|Any CPU
		{16EE599A-67F3-4655-8B3D-2867B157B77C}.Release|Any CPU.Build.0 = Release|Any CPU
	EndGlobalSection
EndGlobal
